
Microsoft Visual Studio Solution File, Format Version 12.00
# Visual Studio Version 16
VisualStudioVersion = 16.0.33214.272
MinimumVisualStudioVersion = 10.0.40219.1
Project("{8BC9CEB8-8B4A-11D0-8D11-00A0C91BC942}") = "HW3CPP", "HW3CPP\HW3CPP.vcxproj", "{577A2976-8CA3-4FFC-A39A-B3B7EFE65687}"
EndProject
Global
	GlobalSection(SolutionConfigurationPlatforms) = preSolution
		Debug|x64 = Debug|x64
		Debug|x86 = Debug|x86
		Release|x64 = Release|x64
		Release|x86 = Release|x86
	EndGlobalSection
	GlobalSection(ProjectConfigurationPlatforms) = postSolution
		{577A2976-8CA3-4FFC-A39A-B3B7EFE65687}.Debug|x64.ActiveCfg = Debug|x64
		{577A2976-8CA3-4FFC-A39A-B3B7EFE65687}.Debug|x64.Build.0 = Debug|x64
		{577A2976-8CA3-4FFC-A39A-B3B7EFE65687}.Debug|x86.ActiveCfg = Debug|Win32
		{577A2976-8CA3-4FFC-A39A-B3B7EFE65687}.Debug|x86.Build.0 = Debug|Win32
		{577A2976-8CA3-4FFC-A39A-B3B7EFE65687}.Release|x64.ActiveCfg = Release|x64
		{577A2976-8CA3-4FFC-A39A-B3B7EFE65687}.Release|x64.Build.0 = Release|x64
		{577A2976-8CA3-4FFC-A39A-B3B7EFE65687}.Release|x86.ActiveCfg = Release|Win32
		{577A2976-8CA3-4FFC-A39A-B3B7EFE65687}.Release|x86.Build.0 = Release|Win32
	EndGlobalSection
	GlobalSection(SolutionProperties) = preSolution
		HideSolutionNode = FALSE
	EndGlobalSection
	GlobalSection(ExtensibilityGlobals) = postSolution
		SolutionGuid = {0FE0D561-31B4-4A88-B283-01F6DF5EE1A9}
	EndGlobalSection
EndGlobal
